{
  "version": 4,
  "terraform_version": "1.0.11",
  "serial": 44,
  "lineage": "9a005ac1-3a9b-6a08-2a64-e527f7ae15a7",
  "outputs": {},
  "resources": [
    {
      "mode": "managed",
      "type": "azurerm_lb",
      "name": "lb",
      "provider": "provider[\"registry.terraform.io/hashicorp/azurerm\"]",
      "instances": [
        {
          "schema_version": 0,
          "attributes": {
            "frontend_ip_configuration": [
              {
                "availability_zone": "No-Zone",
                "gateway_load_balancer_frontend_ip_configuration_id": "",
                "id": "/subscriptions/a9bbd939-26e2-42fa-89fd-1a4cecb13bc3/resourceGroups/hemi-solution/providers/Microsoft.Network/loadBalancers/loadBalancer/frontendIPConfigurations/PublicIpAddress",
                "inbound_nat_rules": [],
                "load_balancer_rules": [
                  "/subscriptions/a9bbd939-26e2-42fa-89fd-1a4cecb13bc3/resourceGroups/hemi-solution/providers/Microsoft.Network/loadBalancers/loadBalancer/loadBalancingRules/http"
                ],
                "name": "PublicIpAddress",
                "outbound_rules": [],
                "private_ip_address": "",
                "private_ip_address_allocation": "Dynamic",
                "private_ip_address_version": "",
                "public_ip_address_id": "/subscriptions/a9bbd939-26e2-42fa-89fd-1a4cecb13bc3/resourceGroups/hemi-solution/providers/Microsoft.Network/publicIPAddresses/lbPublicIP",
                "public_ip_prefix_id": "",
                "subnet_id": "",
                "zones": []
              }
            ],
            "id": "/subscriptions/a9bbd939-26e2-42fa-89fd-1a4cecb13bc3/resourceGroups/hemi-solution/providers/Microsoft.Network/loadBalancers/loadBalancer",
            "location": "westus2",
            "name": "loadBalancer",
            "private_ip_address": "",
            "private_ip_addresses": [],
            "resource_group_name": "hemi-solution",
            "sku": "Standard",
            "sku_tier": "Regional",
            "tags": {},
            "timeouts": null
          },
          "sensitive_attributes": [],
          "private": "eyJlMmJmYjczMC1lY2FhLTExZTYtOGY4OC0zNDM2M2JjN2M0YzAiOnsiY3JlYXRlIjoxODAwMDAwMDAwMDAwLCJkZWxldGUiOjE4MDAwMDAwMDAwMDAsInJlYWQiOjMwMDAwMDAwMDAwMCwidXBkYXRlIjoxODAwMDAwMDAwMDAwfX0=",
          "dependencies": [
            "azurerm_public_ip.pubIP",
            "azurerm_resource_group.rg"
          ]
        }
      ]
    },
    {
      "mode": "managed",
      "type": "azurerm_lb_backend_address_pool",
      "name": "lbBackPool",
      "provider": "provider[\"registry.terraform.io/hashicorp/azurerm\"]",
      "instances": [
        {
          "schema_version": 0,
          "attributes": {
            "backend_address": [],
            "backend_ip_configurations": [
              "/subscriptions/a9bbd939-26e2-42fa-89fd-1a4cecb13bc3/resourceGroups/hemi-solution/providers/Microsoft.Compute/virtualMachineScaleSets/nix-vmss/virtualMachines/1/networkInterfaces/vmssInt/ipConfigurations/vmss",
              "/subscriptions/a9bbd939-26e2-42fa-89fd-1a4cecb13bc3/resourceGroups/hemi-solution/providers/Microsoft.Compute/virtualMachineScaleSets/nix-vmss/virtualMachines/2/networkInterfaces/vmssInt/ipConfigurations/vmss"
            ],
            "id": "/subscriptions/a9bbd939-26e2-42fa-89fd-1a4cecb13bc3/resourceGroups/hemi-solution/providers/Microsoft.Network/loadBalancers/loadBalancer/backendAddressPools/loadBalancerBackPool",
            "load_balancing_rules": [
              "/subscriptions/a9bbd939-26e2-42fa-89fd-1a4cecb13bc3/resourceGroups/hemi-solution/providers/Microsoft.Network/loadBalancers/loadBalancer/loadBalancingRules/http"
            ],
            "loadbalancer_id": "/subscriptions/a9bbd939-26e2-42fa-89fd-1a4cecb13bc3/resourceGroups/hemi-solution/providers/Microsoft.Network/loadBalancers/loadBalancer",
            "name": "loadBalancerBackPool",
            "outbound_rules": [],
            "resource_group_name": "hemi-solution",
            "timeouts": null,
            "tunnel_interface": []
          },
          "sensitive_attributes": [],
          "private": "eyJlMmJmYjczMC1lY2FhLTExZTYtOGY4OC0zNDM2M2JjN2M0YzAiOnsiY3JlYXRlIjoxODAwMDAwMDAwMDAwLCJkZWxldGUiOjE4MDAwMDAwMDAwMDAsInJlYWQiOjMwMDAwMDAwMDAwMCwidXBkYXRlIjoxODAwMDAwMDAwMDAwfX0=",
          "dependencies": [
            "azurerm_lb.lb",
            "azurerm_public_ip.pubIP",
            "azurerm_resource_group.rg"
          ]
        }
      ]
    },
    {
      "mode": "managed",
      "type": "azurerm_lb_probe",
      "name": "lbProbe",
      "provider": "provider[\"registry.terraform.io/hashicorp/azurerm\"]",
      "instances": [
        {
          "schema_version": 0,
          "attributes": {
            "id": "/subscriptions/a9bbd939-26e2-42fa-89fd-1a4cecb13bc3/resourceGroups/hemi-solution/providers/Microsoft.Network/loadBalancers/loadBalancer/probes/loadBalancerProbe",
            "interval_in_seconds": 15,
            "load_balancer_rules": [
              "/subscriptions/a9bbd939-26e2-42fa-89fd-1a4cecb13bc3/resourceGroups/hemi-solution/providers/Microsoft.Network/loadBalancers/loadBalancer/loadBalancingRules/http"
            ],
            "loadbalancer_id": "/subscriptions/a9bbd939-26e2-42fa-89fd-1a4cecb13bc3/resourceGroups/hemi-solution/providers/Microsoft.Network/loadBalancers/loadBalancer",
            "name": "loadBalancerProbe",
            "number_of_probes": 2,
            "port": 80,
            "protocol": "Http",
            "request_path": "/",
            "resource_group_name": "hemi-solution",
            "timeouts": null
          },
          "sensitive_attributes": [],
          "private": "eyJlMmJmYjczMC1lY2FhLTExZTYtOGY4OC0zNDM2M2JjN2M0YzAiOnsiY3JlYXRlIjoxODAwMDAwMDAwMDAwLCJkZWxldGUiOjE4MDAwMDAwMDAwMDAsInJlYWQiOjMwMDAwMDAwMDAwMCwidXBkYXRlIjoxODAwMDAwMDAwMDAwfX0=",
          "dependencies": [
            "azurerm_lb.lb",
            "azurerm_public_ip.pubIP",
            "azurerm_resource_group.rg"
          ]
        }
      ]
    },
    {
      "mode": "managed",
      "type": "azurerm_lb_rule",
      "name": "lbRule",
      "provider": "provider[\"registry.terraform.io/hashicorp/azurerm\"]",
      "instances": [
        {
          "schema_version": 0,
          "attributes": {
            "backend_address_pool_id": "/subscriptions/a9bbd939-26e2-42fa-89fd-1a4cecb13bc3/resourceGroups/hemi-solution/providers/Microsoft.Network/loadBalancers/loadBalancer/backendAddressPools/loadBalancerBackPool",
            "backend_address_pool_ids": [
              "/subscriptions/a9bbd939-26e2-42fa-89fd-1a4cecb13bc3/resourceGroups/hemi-solution/providers/Microsoft.Network/loadBalancers/loadBalancer/backendAddressPools/loadBalancerBackPool"
            ],
            "backend_port": 80,
            "disable_outbound_snat": false,
            "enable_floating_ip": false,
            "enable_tcp_reset": false,
            "frontend_ip_configuration_id": "/subscriptions/a9bbd939-26e2-42fa-89fd-1a4cecb13bc3/resourceGroups/hemi-solution/providers/Microsoft.Network/loadBalancers/loadBalancer/frontendIPConfigurations/PublicIpAddress",
            "frontend_ip_configuration_name": "PublicIpAddress",
            "frontend_port": 80,
            "id": "/subscriptions/a9bbd939-26e2-42fa-89fd-1a4cecb13bc3/resourceGroups/hemi-solution/providers/Microsoft.Network/loadBalancers/loadBalancer/loadBalancingRules/http",
            "idle_timeout_in_minutes": 4,
            "load_distribution": "Default",
            "loadbalancer_id": "/subscriptions/a9bbd939-26e2-42fa-89fd-1a4cecb13bc3/resourceGroups/hemi-solution/providers/Microsoft.Network/loadBalancers/loadBalancer",
            "name": "http",
            "probe_id": "/subscriptions/a9bbd939-26e2-42fa-89fd-1a4cecb13bc3/resourceGroups/hemi-solution/providers/Microsoft.Network/loadBalancers/loadBalancer/probes/loadBalancerProbe",
            "protocol": "Tcp",
            "resource_group_name": "hemi-solution",
            "timeouts": null
          },
          "sensitive_attributes": [],
          "private": "eyJlMmJmYjczMC1lY2FhLTExZTYtOGY4OC0zNDM2M2JjN2M0YzAiOnsiY3JlYXRlIjoxODAwMDAwMDAwMDAwLCJkZWxldGUiOjE4MDAwMDAwMDAwMDAsInJlYWQiOjMwMDAwMDAwMDAwMCwidXBkYXRlIjoxODAwMDAwMDAwMDAwfX0=",
          "dependencies": [
            "azurerm_lb.lb",
            "azurerm_lb_backend_address_pool.lbBackPool",
            "azurerm_lb_probe.lbProbe",
            "azurerm_public_ip.pubIP",
            "azurerm_resource_group.rg"
          ]
        }
      ]
    },
    {
      "mode": "managed",
      "type": "azurerm_linux_virtual_machine_scale_set",
      "name": "vmss",
      "provider": "provider[\"registry.terraform.io/hashicorp/azurerm\"]",
      "instances": [
        {
          "schema_version": 0,
          "attributes": {
            "additional_capabilities": [],
            "admin_password": "Holy cow it's a semi complex password.",
            "admin_ssh_key": [],
            "admin_username": "hemiadmin",
            "automatic_instance_repair": [
              {
                "enabled": true,
                "grace_period": "PT30M"
              }
            ],
            "automatic_os_upgrade_policy": [],
            "boot_diagnostics": [],
            "computer_name_prefix": "helloworld",
            "custom_data": "I2Nsb3VkLWNvbmZpZw0KcGFja2FnZV91cGdyYWRlOiB0cnVlDQpwYWNrYWdlczoNCiAgLSBuZ2lueA0KICAtIG5vZGVqcw0KICAtIG5wbQ0Kd3JpdGVfZmlsZXM6DQogIC0gb3duZXI6IHd3dy1kYXRhOnd3dy1kYXRhDQogICAgcGF0aDogL2V0Yy9uZ2lueC9zaXRlcy1hdmFpbGFibGUvZGVmYXVsdA0KICAgIGNvbnRlbnQ6IHwNCiAgICAgIHNlcnZlciB7DQogICAgICAgIGxpc3RlbiA4MDsNCiAgICAgICAgbG9jYXRpb24gLyB7DQogICAgICAgICAgcHJveHlfcGFzcyBodHRwOi8vbG9jYWxob3N0OjMwMDA7DQogICAgICAgICAgcHJveHlfaHR0cF92ZXJzaW9uIDEuMTsNCiAgICAgICAgICBwcm94eV9zZXRfaGVhZGVyIFVwZ3JhZGUgJGh0dHBfdXBncmFkZTsNCiAgICAgICAgICBwcm94eV9zZXRfaGVhZGVyIENvbm5lY3Rpb24ga2VlcC1hbGl2ZTsNCiAgICAgICAgICBwcm94eV9zZXRfaGVhZGVyIEhvc3QgJGhvc3Q7DQogICAgICAgICAgcHJveHlfY2FjaGVfYnlwYXNzICRodHRwX3VwZ3JhZGU7DQogICAgICAgIH0NCiAgICAgIH0NCiAgLSBvd25lcjogYXp1cmV1c2VyOmF6dXJldXNlcg0KICAgIHBhdGg6IC9ob21lL2F6dXJldXNlci9teWFwcC9pbmRleC5qcw0KICAgIGNvbnRlbnQ6IHwNCiAgICAgIHZhciBleHByZXNzID0gcmVxdWlyZSgnZXhwcmVzcycpDQogICAgICB2YXIgYXBwID0gZXhwcmVzcygpDQogICAgICB2YXIgb3MgPSByZXF1aXJlKCdvcycpOw0KICAgICAgYXBwLmdldCgnLycsIGZ1bmN0aW9uIChyZXEsIHJlcykgew0KICAgICAgICByZXMuc2VuZCgnSGVsbG8gV29ybGQgZnJvbSBob3N0ICcgKyBvcy5ob3N0bmFtZSgpICsgJyEnKQ0KICAgICAgfSkNCiAgICAgIGFwcC5saXN0ZW4oMzAwMCwgZnVuY3Rpb24gKCkgew0KICAgICAgICBjb25zb2xlLmxvZygnSGVsbG8gd29ybGQgYXBwIGxpc3RlbmluZyBvbiBwb3J0IDMwMDAhJykNCiAgICAgIH0pDQpydW5jbWQ6DQogIC0gc2VydmljZSBuZ2lueCByZXN0YXJ0DQogIC0gY2QgIi9ob21lL2F6dXJldXNlci9teWFwcCINCiAgLSBucG0gaW5pdA0KICAtIG5wbSBpbnN0YWxsIGV4cHJlc3MgLXkNCiAgLSBub2RlanMgaW5kZXguanM=",
            "data_disk": [],
            "disable_password_authentication": false,
            "do_not_run_extensions_on_overprovisioned_machines": false,
            "encryption_at_host_enabled": false,
            "eviction_policy": "",
            "extension": [],
            "extensions_time_budget": "PT1H30M",
            "health_probe_id": "/subscriptions/a9bbd939-26e2-42fa-89fd-1a4cecb13bc3/resourceGroups/hemi-solution/providers/Microsoft.Network/loadBalancers/loadBalancer/probes/loadBalancerProbe",
            "id": "/subscriptions/a9bbd939-26e2-42fa-89fd-1a4cecb13bc3/resourceGroups/hemi-solution/providers/Microsoft.Compute/virtualMachineScaleSets/nix-vmss",
            "identity": [],
            "instances": 1,
            "location": "westus2",
            "max_bid_price": -1,
            "name": "nix-vmss",
            "network_interface": [
              {
                "dns_servers": [],
                "enable_accelerated_networking": false,
                "enable_ip_forwarding": false,
                "ip_configuration": [
                  {
                    "application_gateway_backend_address_pool_ids": [],
                    "application_security_group_ids": [],
                    "load_balancer_backend_address_pool_ids": [
                      "/subscriptions/a9bbd939-26e2-42fa-89fd-1a4cecb13bc3/resourceGroups/hemi-solution/providers/Microsoft.Network/loadBalancers/loadBalancer/backendAddressPools/loadBalancerBackPool"
                    ],
                    "load_balancer_inbound_nat_rules_ids": [],
                    "name": "vmss",
                    "primary": true,
                    "public_ip_address": [],
                    "subnet_id": "/subscriptions/a9bbd939-26e2-42fa-89fd-1a4cecb13bc3/resourceGroups/hemi-solution/providers/Microsoft.Network/virtualNetworks/hemi-vnet/subnets/vmss-subnet",
                    "version": "IPv4"
                  }
                ],
                "name": "vmssInt",
                "network_security_group_id": "/subscriptions/a9bbd939-26e2-42fa-89fd-1a4cecb13bc3/resourceGroups/hemi-solution/providers/Microsoft.Network/networkSecurityGroups/backEndSecurityGroup",
                "primary": true
              }
            ],
            "os_disk": [
              {
                "caching": "ReadWrite",
                "diff_disk_settings": [],
                "disk_encryption_set_id": "",
                "disk_size_gb": 30,
                "storage_account_type": "Standard_LRS",
                "write_accelerator_enabled": false
              }
            ],
            "overprovision": true,
            "plan": [],
            "platform_fault_domain_count": 0,
            "priority": "Regular",
            "provision_vm_agent": true,
            "proximity_placement_group_id": "",
            "resource_group_name": "hemi-solution",
            "rolling_upgrade_policy": [],
            "scale_in_policy": "Default",
            "secret": [],
            "single_placement_group": true,
            "sku": "Standard_B1S",
            "source_image_id": "",
            "source_image_reference": [
              {
                "offer": "UbuntuServer",
                "publisher": "Canonical",
                "sku": "18.04-LTS",
                "version": "latest"
              }
            ],
            "tags": {},
            "terminate_notification": [],
            "timeouts": null,
            "unique_id": "6f968149-23c9-4f9f-8f64-a313591fab3b",
            "upgrade_mode": "Manual",
            "zone_balance": false,
            "zones": []
          },
          "sensitive_attributes": [],
          "private": "eyJlMmJmYjczMC1lY2FhLTExZTYtOGY4OC0zNDM2M2JjN2M0YzAiOnsiY3JlYXRlIjoxODAwMDAwMDAwMDAwLCJkZWxldGUiOjE4MDAwMDAwMDAwMDAsInJlYWQiOjMwMDAwMDAwMDAwMCwidXBkYXRlIjozNjAwMDAwMDAwMDAwfX0=",
          "dependencies": [
            "azurerm_lb_backend_address_pool.lbBackPool",
            "azurerm_lb_probe.lbProbe",
            "azurerm_network_security_group.backNSG",
            "azurerm_resource_group.rg",
            "azurerm_subnet.vmss"
          ]
        }
      ]
    },
    {
      "mode": "managed",
      "type": "azurerm_monitor_autoscale_setting",
      "name": "vmss",
      "provider": "provider[\"registry.terraform.io/hashicorp/azurerm\"]",
      "instances": [
        {
          "schema_version": 1,
          "attributes": {
            "enabled": true,
            "id": "/subscriptions/a9bbd939-26e2-42fa-89fd-1a4cecb13bc3/resourceGroups/hemi-solution/providers/Microsoft.Insights/autoscaleSettings/vmss-autoscale",
            "location": "westus2",
            "name": "vmss-autoscale",
            "notification": [
              {
                "email": [
                  {
                    "custom_emails": [
                      "hemingsent@gmail.com"
                    ],
                    "send_to_subscription_administrator": true,
                    "send_to_subscription_co_administrator": true
                  }
                ],
                "webhook": []
              }
            ],
            "profile": [
              {
                "capacity": [
                  {
                    "default": 2,
                    "maximum": 5,
                    "minimum": 1
                  }
                ],
                "fixed_date": [],
                "name": "default",
                "recurrence": [],
                "rule": [
                  {
                    "metric_trigger": [
                      {
                        "dimensions": [
                          {
                            "name": "AppName",
                            "operator": "Equals",
                            "values": [
                              "App1"
                            ]
                          }
                        ],
                        "divide_by_instance_count": false,
                        "metric_name": "Percentage CPU",
                        "metric_namespace": "Microsoft.Compute/virtualMachineScaleSets",
                        "metric_resource_id": "/subscriptions/a9bbd939-26e2-42fa-89fd-1a4cecb13bc3/resourceGroups/hemi-solution/providers/Microsoft.Compute/virtualMachineScaleSets/nix-vmss",
                        "operator": "GreaterThan",
                        "statistic": "Average",
                        "threshold": 75,
                        "time_aggregation": "Average",
                        "time_grain": "PT1M",
                        "time_window": "PT5M"
                      }
                    ],
                    "scale_action": [
                      {
                        "cooldown": "PT1M",
                        "direction": "Increase",
                        "type": "ChangeCount",
                        "value": 1
                      }
                    ]
                  },
                  {
                    "metric_trigger": [
                      {
                        "dimensions": [],
                        "divide_by_instance_count": false,
                        "metric_name": "Percentage CPU",
                        "metric_namespace": "",
                        "metric_resource_id": "/subscriptions/a9bbd939-26e2-42fa-89fd-1a4cecb13bc3/resourceGroups/hemi-solution/providers/Microsoft.Compute/virtualMachineScaleSets/nix-vmss",
                        "operator": "LessThan",
                        "statistic": "Average",
                        "threshold": 25,
                        "time_aggregation": "Average",
                        "time_grain": "PT1M",
                        "time_window": "PT5M"
                      }
                    ],
                    "scale_action": [
                      {
                        "cooldown": "PT1M",
                        "direction": "Decrease",
                        "type": "ChangeCount",
                        "value": 1
                      }
                    ]
                  }
                ]
              }
            ],
            "resource_group_name": "hemi-solution",
            "tags": {},
            "target_resource_id": "/subscriptions/a9bbd939-26e2-42fa-89fd-1a4cecb13bc3/resourceGroups/hemi-solution/providers/Microsoft.Compute/virtualMachineScaleSets/nix-vmss",
            "timeouts": null
          },
          "sensitive_attributes": [],
          "private": "eyJlMmJmYjczMC1lY2FhLTExZTYtOGY4OC0zNDM2M2JjN2M0YzAiOnsiY3JlYXRlIjoxODAwMDAwMDAwMDAwLCJkZWxldGUiOjE4MDAwMDAwMDAwMDAsInJlYWQiOjMwMDAwMDAwMDAwMCwidXBkYXRlIjoxODAwMDAwMDAwMDAwfSwic2NoZW1hX3ZlcnNpb24iOiIxIn0=",
          "dependencies": [
            "azurerm_lb.lb",
            "azurerm_lb_backend_address_pool.lbBackPool",
            "azurerm_linux_virtual_machine_scale_set.vmss",
            "azurerm_network_security_group.backNSG",
            "azurerm_public_ip.pubIP",
            "azurerm_subnet.vmss",
            "azurerm_virtual_network.vnet",
            "azurerm_lb_probe.lbProbe",
            "azurerm_resource_group.rg"
          ]
        }
      ]
    },
    {
      "mode": "managed",
      "type": "azurerm_network_security_group",
      "name": "backNSG",
      "provider": "provider[\"registry.terraform.io/hashicorp/azurerm\"]",
      "instances": [
        {
          "schema_version": 0,
          "attributes": {
            "id": "/subscriptions/a9bbd939-26e2-42fa-89fd-1a4cecb13bc3/resourceGroups/hemi-solution/providers/Microsoft.Network/networkSecurityGroups/backEndSecurityGroup",
            "location": "westus2",
            "name": "backEndSecurityGroup",
            "resource_group_name": "hemi-solution",
            "security_rule": [
              {
                "access": "Allow",
                "description": "",
                "destination_address_prefix": "*",
                "destination_address_prefixes": [],
                "destination_application_security_group_ids": [],
                "destination_port_range": "80",
                "destination_port_ranges": [],
                "direction": "Inbound",
                "name": "Allow80toLoadBalancerOnly",
                "priority": 100,
                "protocol": "TCP",
                "source_address_prefix": "*",
                "source_address_prefixes": [],
                "source_application_security_group_ids": [],
                "source_port_range": "*",
                "source_port_ranges": []
              }
            ],
            "tags": {},
            "timeouts": null
          },
          "sensitive_attributes": [],
          "private": "eyJlMmJmYjczMC1lY2FhLTExZTYtOGY4OC0zNDM2M2JjN2M0YzAiOnsiY3JlYXRlIjoxODAwMDAwMDAwMDAwLCJkZWxldGUiOjE4MDAwMDAwMDAwMDAsInJlYWQiOjMwMDAwMDAwMDAwMCwidXBkYXRlIjoxODAwMDAwMDAwMDAwfX0=",
          "dependencies": [
            "azurerm_resource_group.rg"
          ]
        }
      ]
    },
    {
      "mode": "managed",
      "type": "azurerm_network_security_rule",
      "name": "httpToLB",
      "provider": "provider[\"registry.terraform.io/hashicorp/azurerm\"]",
      "instances": [
        {
          "schema_version": 0,
          "attributes": {
            "access": "Allow",
            "description": "",
            "destination_address_prefix": "*",
            "destination_address_prefixes": [],
            "destination_application_security_group_ids": [],
            "destination_port_range": "80",
            "destination_port_ranges": [],
            "direction": "Inbound",
            "id": "/subscriptions/a9bbd939-26e2-42fa-89fd-1a4cecb13bc3/resourceGroups/hemi-solution/providers/Microsoft.Network/networkSecurityGroups/backEndSecurityGroup/securityRules/Allow80toLoadBalancerOnly",
            "name": "Allow80toLoadBalancerOnly",
            "network_security_group_name": "backEndSecurityGroup",
            "priority": 100,
            "protocol": "TCP",
            "resource_group_name": "hemi-solution",
            "source_address_prefix": "*",
            "source_address_prefixes": [],
            "source_application_security_group_ids": [],
            "source_port_range": "*",
            "source_port_ranges": [],
            "timeouts": null
          },
          "sensitive_attributes": [],
          "private": "eyJlMmJmYjczMC1lY2FhLTExZTYtOGY4OC0zNDM2M2JjN2M0YzAiOnsiY3JlYXRlIjoxODAwMDAwMDAwMDAwLCJkZWxldGUiOjE4MDAwMDAwMDAwMDAsInJlYWQiOjMwMDAwMDAwMDAwMCwidXBkYXRlIjoxODAwMDAwMDAwMDAwfX0=",
          "dependencies": [
            "azurerm_network_security_group.backNSG",
            "azurerm_resource_group.rg"
          ]
        }
      ]
    },
    {
      "mode": "managed",
      "type": "azurerm_public_ip",
      "name": "pubIP",
      "provider": "provider[\"registry.terraform.io/hashicorp/azurerm\"]",
      "instances": [
        {
          "schema_version": 0,
          "attributes": {
            "allocation_method": "Static",
            "availability_zone": "Zone-Redundant",
            "domain_name_label": null,
            "fqdn": null,
            "id": "/subscriptions/a9bbd939-26e2-42fa-89fd-1a4cecb13bc3/resourceGroups/hemi-solution/providers/Microsoft.Network/publicIPAddresses/lbPublicIP",
            "idle_timeout_in_minutes": 4,
            "ip_address": "52.148.148.181",
            "ip_tags": {},
            "ip_version": "IPv4",
            "location": "westus2",
            "name": "lbPublicIP",
            "public_ip_prefix_id": null,
            "resource_group_name": "hemi-solution",
            "reverse_fqdn": null,
            "sku": "Standard",
            "sku_tier": "Regional",
            "tags": {},
            "timeouts": null,
            "zones": []
          },
          "sensitive_attributes": [],
          "private": "eyJlMmJmYjczMC1lY2FhLTExZTYtOGY4OC0zNDM2M2JjN2M0YzAiOnsiY3JlYXRlIjoxODAwMDAwMDAwMDAwLCJkZWxldGUiOjE4MDAwMDAwMDAwMDAsInJlYWQiOjMwMDAwMDAwMDAwMCwidXBkYXRlIjoxODAwMDAwMDAwMDAwfX0=",
          "dependencies": [
            "azurerm_resource_group.rg"
          ]
        }
      ]
    },
    {
      "mode": "managed",
      "type": "azurerm_resource_group",
      "name": "rg",
      "provider": "provider[\"registry.terraform.io/hashicorp/azurerm\"]",
      "instances": [
        {
          "schema_version": 0,
          "attributes": {
            "id": "/subscriptions/a9bbd939-26e2-42fa-89fd-1a4cecb13bc3/resourceGroups/hemi-solution",
            "location": "westus2",
            "name": "hemi-solution",
            "tags": {},
            "timeouts": null
          },
          "sensitive_attributes": [],
          "private": "eyJlMmJmYjczMC1lY2FhLTExZTYtOGY4OC0zNDM2M2JjN2M0YzAiOnsiY3JlYXRlIjo1NDAwMDAwMDAwMDAwLCJkZWxldGUiOjU0MDAwMDAwMDAwMDAsInJlYWQiOjMwMDAwMDAwMDAwMCwidXBkYXRlIjo1NDAwMDAwMDAwMDAwfX0="
        }
      ]
    },
    {
      "mode": "managed",
      "type": "azurerm_subnet",
      "name": "vmss",
      "provider": "provider[\"registry.terraform.io/hashicorp/azurerm\"]",
      "instances": [
        {
          "schema_version": 0,
          "attributes": {
            "address_prefix": "10.0.0.0/24",
            "address_prefixes": [
              "10.0.0.0/24"
            ],
            "delegation": [],
            "enforce_private_link_endpoint_network_policies": false,
            "enforce_private_link_service_network_policies": false,
            "id": "/subscriptions/a9bbd939-26e2-42fa-89fd-1a4cecb13bc3/resourceGroups/hemi-solution/providers/Microsoft.Network/virtualNetworks/hemi-vnet/subnets/vmss-subnet",
            "name": "vmss-subnet",
            "resource_group_name": "hemi-solution",
            "service_endpoint_policy_ids": [],
            "service_endpoints": [],
            "timeouts": null,
            "virtual_network_name": "hemi-vnet"
          },
          "sensitive_attributes": [],
          "private": "eyJlMmJmYjczMC1lY2FhLTExZTYtOGY4OC0zNDM2M2JjN2M0YzAiOnsiY3JlYXRlIjoxODAwMDAwMDAwMDAwLCJkZWxldGUiOjE4MDAwMDAwMDAwMDAsInJlYWQiOjMwMDAwMDAwMDAwMCwidXBkYXRlIjoxODAwMDAwMDAwMDAwfX0=",
          "dependencies": [
            "azurerm_resource_group.rg",
            "azurerm_virtual_network.vnet"
          ]
        }
      ]
    },
    {
      "mode": "managed",
      "type": "azurerm_virtual_network",
      "name": "vnet",
      "provider": "provider[\"registry.terraform.io/hashicorp/azurerm\"]",
      "instances": [
        {
          "schema_version": 0,
          "attributes": {
            "address_space": [
              "10.0.0.0/24"
            ],
            "bgp_community": "",
            "ddos_protection_plan": [],
            "dns_servers": [
              "8.8.8.8",
              "8.8.4.4"
            ],
            "flow_timeout_in_minutes": 0,
            "guid": "2268b3c3-ed53-4cf8-9085-cf30cc63f06e",
            "id": "/subscriptions/a9bbd939-26e2-42fa-89fd-1a4cecb13bc3/resourceGroups/hemi-solution/providers/Microsoft.Network/virtualNetworks/hemi-vnet",
            "location": "westus2",
            "name": "hemi-vnet",
            "resource_group_name": "hemi-solution",
            "subnet": [
              {
                "address_prefix": "10.0.0.0/24",
                "id": "/subscriptions/a9bbd939-26e2-42fa-89fd-1a4cecb13bc3/resourceGroups/hemi-solution/providers/Microsoft.Network/virtualNetworks/hemi-vnet/subnets/vmss-subnet",
                "name": "vmss-subnet",
                "security_group": ""
              }
            ],
            "tags": {},
            "timeouts": null,
            "vm_protection_enabled": false
          },
          "sensitive_attributes": [],
          "private": "eyJlMmJmYjczMC1lY2FhLTExZTYtOGY4OC0zNDM2M2JjN2M0YzAiOnsiY3JlYXRlIjoxODAwMDAwMDAwMDAwLCJkZWxldGUiOjE4MDAwMDAwMDAwMDAsInJlYWQiOjMwMDAwMDAwMDAwMCwidXBkYXRlIjoxODAwMDAwMDAwMDAwfX0=",
          "dependencies": [
            "azurerm_resource_group.rg"
          ]
        }
      ]
    }
  ]
}
